
Microsoft Visual Studio Solution File, Format Version 12.00
# Visual Studio Version 17
VisualStudioVersion = 17.8.34525.116
MinimumVisualStudioVersion = 10.0.40219.1
Project("{9A19103F-16F7-4668-BE54-9A1E7A4F7556}") = "AirHumidifier", "AirHumidifier\AirHumidifier.csproj", "{4016B62D-F408-46F2-A114-B00F93100CC9}"
EndProject
Project("{9A19103F-16F7-4668-BE54-9A1E7A4F7556}") = "AirHumidifier.AndroidApp", "AirHumidifier.Android\AirHumidifier.AndroidApp.csproj", "{045511E2-75D9-45D1-82B6-FA9D5BD79041}"
EndProject
Project("{9A19103F-16F7-4668-BE54-9A1E7A4F7556}") = "AirHumidifier.Desktop", "AirHumidifier.Desktop\AirHumidifier.Desktop.csproj", "{30CA7150-1082-47C9-893D-05A1F7BBCE3B}"
EndProject
Global
	GlobalSection(SolutionConfigurationPlatforms) = preSolution
		Debug|Any CPU = Debug|Any CPU
		Release|Any CPU = Release|Any CPU
	EndGlobalSection
	GlobalSection(ProjectConfigurationPlatforms) = postSolution
		{4016B62D-F408-46F2-A114-B00F93100CC9}.Debug|Any CPU.ActiveCfg = Debug|Any CPU
		{4016B62D-F408-46F2-A114-B00F93100CC9}.Debug|Any CPU.Build.0 = Debug|Any CPU
		{4016B62D-F408-46F2-A114-B00F93100CC9}.Release|Any CPU.ActiveCfg = Release|Any CPU
		{4016B62D-F408-46F2-A114-B00F93100CC9}.Release|Any CPU.Build.0 = Release|Any CPU
		{045511E2-75D9-45D1-82B6-FA9D5BD79041}.Debug|Any CPU.ActiveCfg = Debug|Any CPU
		{045511E2-75D9-45D1-82B6-FA9D5BD79041}.Debug|Any CPU.Build.0 = Debug|Any CPU
		{045511E2-75D9-45D1-82B6-FA9D5BD79041}.Debug|Any CPU.Deploy.0 = Debug|Any CPU
		{045511E2-75D9-45D1-82B6-FA9D5BD79041}.Release|Any CPU.ActiveCfg = Release|Any CPU
		{045511E2-75D9-45D1-82B6-FA9D5BD79041}.Release|Any CPU.Build.0 = Release|Any CPU
		{30CA7150-1082-47C9-893D-05A1F7BBCE3B}.Debug|Any CPU.ActiveCfg = Debug|Any CPU
		{30CA7150-1082-47C9-893D-05A1F7BBCE3B}.Debug|Any CPU.Build.0 = Debug|Any CPU
		{30CA7150-1082-47C9-893D-05A1F7BBCE3B}.Release|Any CPU.ActiveCfg = Release|Any CPU
		{30CA7150-1082-47C9-893D-05A1F7BBCE3B}.Release|Any CPU.Build.0 = Release|Any CPU
	EndGlobalSection
	GlobalSection(SolutionProperties) = preSolution
		HideSolutionNode = FALSE
	EndGlobalSection
	GlobalSection(ExtensibilityGlobals) = postSolution
		SolutionGuid = {2D3DD537-31CB-48AA-AF56-F02538C43292}
	EndGlobalSection
EndGlobal
